// !$*UTF8*$!
{
	archiveVersion = 1;
	classes = {
	};
	objectVersion = 56;
	objects = {

/* Begin PBXBuildFile section */
		CE688E882D6F050C002E3E8C /* AppDelegate.swift in Sources */ = {isa = PBXBuildFile; fileRef = CE688E872D6F050C002E3E8C /* AppDelegate.swift */; };
		CE688E8A2D6F050C002E3E8C /* SceneDelegate.swift in Sources */ = {isa = PBXBuildFile; fileRef = CE688E892D6F050C002E3E8C /* SceneDelegate.swift */; };
		CE688E8C2D6F050C002E3E8C /* HomeViewController.swift in Sources */ = {isa = PBXBuildFile; fileRef = CE688E8B2D6F050C002E3E8C /* HomeViewController.swift */; };
		CE688E912D6F050E002E3E8C /* Assets.xcassets in Resources */ = {isa = PBXBuildFile; fileRef = CE688E902D6F050E002E3E8C /* Assets.xcassets */; };
		CE688E942D6F050E002E3E8C /* LaunchScreen.storyboard in Resources */ = {isa = PBXBuildFile; fileRef = CE688E922D6F050E002E3E8C /* LaunchScreen.storyboard */; };
		CE688E9F2D6F061C002E3E8C /* HomeTableView.swift in Sources */ = {isa = PBXBuildFile; fileRef = CE688E9E2D6F061C002E3E8C /* HomeTableView.swift */; };
		CE688EA22D6F0702002E3E8C /* Constants.swift in Sources */ = {isa = PBXBuildFile; fileRef = CE688EA12D6F0702002E3E8C /* Constants.swift */; };
		CE688EA52D6F08CF002E3E8C /* Todo.swift in Sources */ = {isa = PBXBuildFile; fileRef = CE688EA42D6F08CF002E3E8C /* Todo.swift */; };
		CE688EA82D6F0971002E3E8C /* Networking.swift in Sources */ = {isa = PBXBuildFile; fileRef = CE688EA72D6F0971002E3E8C /* Networking.swift */; };
		CE688EAA2D6F09A9002E3E8C /* NetworkDataFetcher.swift in Sources */ = {isa = PBXBuildFile; fileRef = CE688EA92D6F09A9002E3E8C /* NetworkDataFetcher.swift */; };
		CE688EAC2D6F09C8002E3E8C /* TodoService.swift in Sources */ = {isa = PBXBuildFile; fileRef = CE688EAB2D6F09C8002E3E8C /* TodoService.swift */; };
		CE688EAE2D6F0D8F002E3E8C /* Users.swift in Sources */ = {isa = PBXBuildFile; fileRef = CE688EAD2D6F0D8F002E3E8C /* Users.swift */; };
		CE688EB12D6F1528002E3E8C /* HomeTableViewCell.swift in Sources */ = {isa = PBXBuildFile; fileRef = CE688EB02D6F1528002E3E8C /* HomeTableViewCell.swift */; };
		CE688EB42D6F18EB002E3E8C /* HomeTableViewDelegate.swift in Sources */ = {isa = PBXBuildFile; fileRef = CE688EB32D6F18EB002E3E8C /* HomeTableViewDelegate.swift */; };
		CE688EB82D6F193A002E3E8C /* UserInfoViewController.swift in Sources */ = {isa = PBXBuildFile; fileRef = CE688EB72D6F193A002E3E8C /* UserInfoViewController.swift */; };
		CE688EBC2D6F57B1002E3E8C /* NetworkMonitor.swift in Sources */ = {isa = PBXBuildFile; fileRef = CE688EBB2D6F57B1002E3E8C /* NetworkMonitor.swift */; };
		CE688EBF2D6F5B48002E3E8C /* CoreDataManager.swift in Sources */ = {isa = PBXBuildFile; fileRef = CE688EBE2D6F5B48002E3E8C /* CoreDataManager.swift */; };
		CE688EC22D6F5BE4002E3E8C /* ToDoList.xcdatamodeld in Sources */ = {isa = PBXBuildFile; fileRef = CE688EC02D6F5BE4002E3E8C /* ToDoList.xcdatamodeld */; };
		CE688EE12D6F8AD5002E3E8C /* CompanyModel+CoreDataClass.swift in Sources */ = {isa = PBXBuildFile; fileRef = CE688ED72D6F8AD5002E3E8C /* CompanyModel+CoreDataClass.swift */; };
		CE688EE22D6F8AD5002E3E8C /* CompanyModel+CoreDataProperties.swift in Sources */ = {isa = PBXBuildFile; fileRef = CE688ED82D6F8AD5002E3E8C /* CompanyModel+CoreDataProperties.swift */; };
		CE688EE32D6F8AD5002E3E8C /* AddressModel+CoreDataClass.swift in Sources */ = {isa = PBXBuildFile; fileRef = CE688ED92D6F8AD5002E3E8C /* AddressModel+CoreDataClass.swift */; };
		CE688EE42D6F8AD5002E3E8C /* AddressModel+CoreDataProperties.swift in Sources */ = {isa = PBXBuildFile; fileRef = CE688EDA2D6F8AD5002E3E8C /* AddressModel+CoreDataProperties.swift */; };
		CE688EE52D6F8AD5002E3E8C /* TodoListModel+CoreDataClass.swift in Sources */ = {isa = PBXBuildFile; fileRef = CE688EDB2D6F8AD5002E3E8C /* TodoListModel+CoreDataClass.swift */; };
		CE688EE62D6F8AD5002E3E8C /* TodoListModel+CoreDataProperties.swift in Sources */ = {isa = PBXBuildFile; fileRef = CE688EDC2D6F8AD5002E3E8C /* TodoListModel+CoreDataProperties.swift */; };
		CE688EE72D6F8AD5002E3E8C /* UserModel+CoreDataClass.swift in Sources */ = {isa = PBXBuildFile; fileRef = CE688EDD2D6F8AD5002E3E8C /* UserModel+CoreDataClass.swift */; };
		CE688EE82D6F8AD5002E3E8C /* UserModel+CoreDataProperties.swift in Sources */ = {isa = PBXBuildFile; fileRef = CE688EDE2D6F8AD5002E3E8C /* UserModel+CoreDataProperties.swift */; };
		CE688EE92D6F8AD5002E3E8C /* GeoModel+CoreDataClass.swift in Sources */ = {isa = PBXBuildFile; fileRef = CE688EDF2D6F8AD5002E3E8C /* GeoModel+CoreDataClass.swift */; };
		CE688EEA2D6F8AD5002E3E8C /* GeoModel+CoreDataProperties.swift in Sources */ = {isa = PBXBuildFile; fileRef = CE688EE02D6F8AD5002E3E8C /* GeoModel+CoreDataProperties.swift */; };
		CE688EF32D6F8E13002E3E8C /* HomeViewModel.swift in Sources */ = {isa = PBXBuildFile; fileRef = CE688EF22D6F8E13002E3E8C /* HomeViewModel.swift */; };
/* End PBXBuildFile section */

/* Begin PBXFileReference section */
		CE688E842D6F050C002E3E8C /* TechnicalTask.app */ = {isa = PBXFileReference; explicitFileType = wrapper.application; includeInIndex = 0; path = TechnicalTask.app; sourceTree = BUILT_PRODUCTS_DIR; };
		CE688E872D6F050C002E3E8C /* AppDelegate.swift */ = {isa = PBXFileReference; lastKnownFileType = sourcecode.swift; path = AppDelegate.swift; sourceTree = "<group>"; };
		CE688E892D6F050C002E3E8C /* SceneDelegate.swift */ = {isa = PBXFileReference; lastKnownFileType = sourcecode.swift; path = SceneDelegate.swift; sourceTree = "<group>"; };
		CE688E8B2D6F050C002E3E8C /* HomeViewController.swift */ = {isa = PBXFileReference; lastKnownFileType = sourcecode.swift; path = HomeViewController.swift; sourceTree = "<group>"; };
		CE688E902D6F050E002E3E8C /* Assets.xcassets */ = {isa = PBXFileReference; lastKnownFileType = folder.assetcatalog; path = Assets.xcassets; sourceTree = "<group>"; };
		CE688E932D6F050E002E3E8C /* Base */ = {isa = PBXFileReference; lastKnownFileType = file.storyboard; name = Base; path = Base.lproj/LaunchScreen.storyboard; sourceTree = "<group>"; };
		CE688E952D6F050E002E3E8C /* Info.plist */ = {isa = PBXFileReference; lastKnownFileType = text.plist.xml; path = Info.plist; sourceTree = "<group>"; };
		CE688E9E2D6F061C002E3E8C /* HomeTableView.swift */ = {isa = PBXFileReference; lastKnownFileType = sourcecode.swift; path = HomeTableView.swift; sourceTree = "<group>"; };
		CE688EA12D6F0702002E3E8C /* Constants.swift */ = {isa = PBXFileReference; lastKnownFileType = sourcecode.swift; path = Constants.swift; sourceTree = "<group>"; };
		CE688EA42D6F08CF002E3E8C /* Todo.swift */ = {isa = PBXFileReference; lastKnownFileType = sourcecode.swift; path = Todo.swift; sourceTree = "<group>"; };
		CE688EA72D6F0971002E3E8C /* Networking.swift */ = {isa = PBXFileReference; lastKnownFileType = sourcecode.swift; path = Networking.swift; sourceTree = "<group>"; };
		CE688EA92D6F09A9002E3E8C /* NetworkDataFetcher.swift */ = {isa = PBXFileReference; lastKnownFileType = sourcecode.swift; path = NetworkDataFetcher.swift; sourceTree = "<group>"; };
		CE688EAB2D6F09C8002E3E8C /* TodoService.swift */ = {isa = PBXFileReference; lastKnownFileType = sourcecode.swift; path = TodoService.swift; sourceTree = "<group>"; };
		CE688EAD2D6F0D8F002E3E8C /* Users.swift */ = {isa = PBXFileReference; lastKnownFileType = sourcecode.swift; path = Users.swift; sourceTree = "<group>"; };
		CE688EB02D6F1528002E3E8C /* HomeTableViewCell.swift */ = {isa = PBXFileReference; lastKnownFileType = sourcecode.swift; path = HomeTableViewCell.swift; sourceTree = "<group>"; };
		CE688EB32D6F18EB002E3E8C /* HomeTableViewDelegate.swift */ = {isa = PBXFileReference; lastKnownFileType = sourcecode.swift; path = HomeTableViewDelegate.swift; sourceTree = "<group>"; };
		CE688EB72D6F193A002E3E8C /* UserInfoViewController.swift */ = {isa = PBXFileReference; lastKnownFileType = sourcecode.swift; path = UserInfoViewController.swift; sourceTree = "<group>"; };
		CE688EBB2D6F57B1002E3E8C /* NetworkMonitor.swift */ = {isa = PBXFileReference; lastKnownFileType = sourcecode.swift; path = NetworkMonitor.swift; sourceTree = "<group>"; };
		CE688EBE2D6F5B48002E3E8C /* CoreDataManager.swift */ = {isa = PBXFileReference; lastKnownFileType = sourcecode.swift; path = CoreDataManager.swift; sourceTree = "<group>"; };
		CE688EC12D6F5BE4002E3E8C /* ToDoList.xcdatamodel */ = {isa = PBXFileReference; lastKnownFileType = wrapper.xcdatamodel; path = ToDoList.xcdatamodel; sourceTree = "<group>"; };
		CE688ED72D6F8AD5002E3E8C /* CompanyModel+CoreDataClass.swift */ = {isa = PBXFileReference; lastKnownFileType = sourcecode.swift; path = "CompanyModel+CoreDataClass.swift"; sourceTree = "<group>"; };
		CE688ED82D6F8AD5002E3E8C /* CompanyModel+CoreDataProperties.swift */ = {isa = PBXFileReference; lastKnownFileType = sourcecode.swift; path = "CompanyModel+CoreDataProperties.swift"; sourceTree = "<group>"; };
		CE688ED92D6F8AD5002E3E8C /* AddressModel+CoreDataClass.swift */ = {isa = PBXFileReference; lastKnownFileType = sourcecode.swift; path = "AddressModel+CoreDataClass.swift"; sourceTree = "<group>"; };
		CE688EDA2D6F8AD5002E3E8C /* AddressModel+CoreDataProperties.swift */ = {isa = PBXFileReference; lastKnownFileType = sourcecode.swift; path = "AddressModel+CoreDataProperties.swift"; sourceTree = "<group>"; };
		CE688EDB2D6F8AD5002E3E8C /* TodoListModel+CoreDataClass.swift */ = {isa = PBXFileReference; lastKnownFileType = sourcecode.swift; path = "TodoListModel+CoreDataClass.swift"; sourceTree = "<group>"; };
		CE688EDC2D6F8AD5002E3E8C /* TodoListModel+CoreDataProperties.swift */ = {isa = PBXFileReference; lastKnownFileType = sourcecode.swift; path = "TodoListModel+CoreDataProperties.swift"; sourceTree = "<group>"; };
		CE688EDD2D6F8AD5002E3E8C /* UserModel+CoreDataClass.swift */ = {isa = PBXFileReference; lastKnownFileType = sourcecode.swift; path = "UserModel+CoreDataClass.swift"; sourceTree = "<group>"; };
		CE688EDE2D6F8AD5002E3E8C /* UserModel+CoreDataProperties.swift */ = {isa = PBXFileReference; lastKnownFileType = sourcecode.swift; path = "UserModel+CoreDataProperties.swift"; sourceTree = "<group>"; };
		CE688EDF2D6F8AD5002E3E8C /* GeoModel+CoreDataClass.swift */ = {isa = PBXFileReference; lastKnownFileType = sourcecode.swift; path = "GeoModel+CoreDataClass.swift"; sourceTree = "<group>"; };
		CE688EE02D6F8AD5002E3E8C /* GeoModel+CoreDataProperties.swift */ = {isa = PBXFileReference; lastKnownFileType = sourcecode.swift; path = "GeoModel+CoreDataProperties.swift"; sourceTree = "<group>"; };
		CE688EF22D6F8E13002E3E8C /* HomeViewModel.swift */ = {isa = PBXFileReference; lastKnownFileType = sourcecode.swift; path = HomeViewModel.swift; sourceTree = "<group>"; };
/* End PBXFileReference section */

/* Begin PBXFrameworksBuildPhase section */
		CE688E812D6F050C002E3E8C /* Frameworks */ = {
			isa = PBXFrameworksBuildPhase;
			buildActionMask = 2147483647;
			files = (
			);
			runOnlyForDeploymentPostprocessing = 0;
		};
/* End PBXFrameworksBuildPhase section */

/* Begin PBXGroup section */
		CE688E7B2D6F050C002E3E8C = {
			isa = PBXGroup;
			children = (
				CE688E862D6F050C002E3E8C /* TechnicalTask */,
				CE688E852D6F050C002E3E8C /* Products */,
			);
			sourceTree = "<group>";
		};
		CE688E852D6F050C002E3E8C /* Products */ = {
			isa = PBXGroup;
			children = (
				CE688E842D6F050C002E3E8C /* TechnicalTask.app */,
			);
			name = Products;
			sourceTree = "<group>";
		};
		CE688E862D6F050C002E3E8C /* TechnicalTask */ = {
			isa = PBXGroup;
			children = (
				CE688E9B2D6F0519002E3E8C /* Application */,
				CE688EA62D6F0965002E3E8C /* Service */,
				CE688EA32D6F08C9002E3E8C /* Model */,
				CE688EA02D6F06F7002E3E8C /* Resources */,
				CE688E9D2D6F0616002E3E8C /* Views */,
				CE688E9C2D6F0520002E3E8C /* Controllers */,
				CE688EF12D6F8DFC002E3E8C /* ViewModel */,
				CE688E902D6F050E002E3E8C /* Assets.xcassets */,
				CE688E922D6F050E002E3E8C /* LaunchScreen.storyboard */,
				CE688E952D6F050E002E3E8C /* Info.plist */,
			);
			path = TechnicalTask;
			sourceTree = "<group>";
		};
		CE688E9B2D6F0519002E3E8C /* Application */ = {
			isa = PBXGroup;
			children = (
				CE688E872D6F050C002E3E8C /* AppDelegate.swift */,
				CE688E892D6F050C002E3E8C /* SceneDelegate.swift */,
			);
			path = Application;
			sourceTree = "<group>";
		};
		CE688E9C2D6F0520002E3E8C /* Controllers */ = {
			isa = PBXGroup;
			children = (
				CE688EB62D6F1924002E3E8C /* General */,
				CE688EB52D6F191E002E3E8C /* Core */,
			);
			path = Controllers;
			sourceTree = "<group>";
		};
		CE688E9D2D6F0616002E3E8C /* Views */ = {
			isa = PBXGroup;
			children = (
				CE688EAF2D6F151F002E3E8C /* Cell */,
				CE688E9E2D6F061C002E3E8C /* HomeTableView.swift */,
			);
			path = Views;
			sourceTree = "<group>";
		};
		CE688EA02D6F06F7002E3E8C /* Resources */ = {
			isa = PBXGroup;
			children = (
				CE688EB22D6F18E4002E3E8C /* Protocols */,
				CE688EA12D6F0702002E3E8C /* Constants.swift */,
			);
			path = Resources;
			sourceTree = "<group>";
		};
		CE688EA32D6F08C9002E3E8C /* Model */ = {
			isa = PBXGroup;
			children = (
				CE688EEB2D6F8AF0002E3E8C /* CoreData */,
				CE688EA42D6F08CF002E3E8C /* Todo.swift */,
				CE688EAD2D6F0D8F002E3E8C /* Users.swift */,
				CE688EC02D6F5BE4002E3E8C /* ToDoList.xcdatamodeld */,
			);
			path = Model;
			sourceTree = "<group>";
		};
		CE688EA62D6F0965002E3E8C /* Service */ = {
			isa = PBXGroup;
			children = (
				CE688EBB2D6F57B1002E3E8C /* NetworkMonitor.swift */,
				CE688EBD2D6F57BB002E3E8C /* Networking */,
				CE688EBE2D6F5B48002E3E8C /* CoreDataManager.swift */,
			);
			path = Service;
			sourceTree = "<group>";
		};
		CE688EAF2D6F151F002E3E8C /* Cell */ = {
			isa = PBXGroup;
			children = (
				CE688EB02D6F1528002E3E8C /* HomeTableViewCell.swift */,
			);
			path = Cell;
			sourceTree = "<group>";
		};
		CE688EB22D6F18E4002E3E8C /* Protocols */ = {
			isa = PBXGroup;
			children = (
				CE688EB32D6F18EB002E3E8C /* HomeTableViewDelegate.swift */,
			);
			path = Protocols;
			sourceTree = "<group>";
		};
		CE688EB52D6F191E002E3E8C /* Core */ = {
			isa = PBXGroup;
			children = (
				CE688E8B2D6F050C002E3E8C /* HomeViewController.swift */,
			);
			path = Core;
			sourceTree = "<group>";
		};
		CE688EB62D6F1924002E3E8C /* General */ = {
			isa = PBXGroup;
			children = (
				CE688EB72D6F193A002E3E8C /* UserInfoViewController.swift */,
			);
			path = General;
			sourceTree = "<group>";
		};
		CE688EBD2D6F57BB002E3E8C /* Networking */ = {
			isa = PBXGroup;
			children = (
				CE688EA72D6F0971002E3E8C /* Networking.swift */,
				CE688EA92D6F09A9002E3E8C /* NetworkDataFetcher.swift */,
				CE688EAB2D6F09C8002E3E8C /* TodoService.swift */,
			);
			path = Networking;
			sourceTree = "<group>";
		};
		CE688EEB2D6F8AF0002E3E8C /* CoreData */ = {
			isa = PBXGroup;
			children = (
				CE688EF02D6F8BDB002E3E8C /* UserModel */,
				CE688EEF2D6F8BD2002E3E8C /* TodoListModel */,
				CE688EEE2D6F8B60002E3E8C /* AddressModel */,
				CE688EED2D6F8B15002E3E8C /* Geo */,
				CE688EEC2D6F8B04002E3E8C /* Company */,
			);
			path = CoreData;
			sourceTree = "<group>";
		};
		CE688EEC2D6F8B04002E3E8C /* Company */ = {
			isa = PBXGroup;
			children = (
				CE688ED72D6F8AD5002E3E8C /* CompanyModel+CoreDataClass.swift */,
				CE688ED82D6F8AD5002E3E8C /* CompanyModel+CoreDataProperties.swift */,
			);
			path = Company;
			sourceTree = "<group>";
		};
		CE688EED2D6F8B15002E3E8C /* Geo */ = {
			isa = PBXGroup;
			children = (
				CE688EDF2D6F8AD5002E3E8C /* GeoModel+CoreDataClass.swift */,
				CE688EE02D6F8AD5002E3E8C /* GeoModel+CoreDataProperties.swift */,
			);
			path = Geo;
			sourceTree = "<group>";
		};
		CE688EEE2D6F8B60002E3E8C /* AddressModel */ = {
			isa = PBXGroup;
			children = (
				CE688ED92D6F8AD5002E3E8C /* AddressModel+CoreDataClass.swift */,
				CE688EDA2D6F8AD5002E3E8C /* AddressModel+CoreDataProperties.swift */,
			);
			path = AddressModel;
			sourceTree = "<group>";
		};
		CE688EEF2D6F8BD2002E3E8C /* TodoListModel */ = {
			isa = PBXGroup;
			children = (
				CE688EDB2D6F8AD5002E3E8C /* TodoListModel+CoreDataClass.swift */,
				CE688EDC2D6F8AD5002E3E8C /* TodoListModel+CoreDataProperties.swift */,
			);
			path = TodoListModel;
			sourceTree = "<group>";
		};
		CE688EF02D6F8BDB002E3E8C /* UserModel */ = {
			isa = PBXGroup;
			children = (
				CE688EDD2D6F8AD5002E3E8C /* UserModel+CoreDataClass.swift */,
				CE688EDE2D6F8AD5002E3E8C /* UserModel+CoreDataProperties.swift */,
			);
			path = UserModel;
			sourceTree = "<group>";
		};
		CE688EF12D6F8DFC002E3E8C /* ViewModel */ = {
			isa = PBXGroup;
			children = (
				CE688EF22D6F8E13002E3E8C /* HomeViewModel.swift */,
			);
			path = ViewModel;
			sourceTree = "<group>";
		};
/* End PBXGroup section */

/* Begin PBXNativeTarget section */
		CE688E832D6F050C002E3E8C /* TechnicalTask */ = {
			isa = PBXNativeTarget;
			buildConfigurationList = CE688E982D6F050E002E3E8C /* Build configuration list for PBXNativeTarget "TechnicalTask" */;
			buildPhases = (
				CE688E802D6F050C002E3E8C /* Sources */,
				CE688E812D6F050C002E3E8C /* Frameworks */,
				CE688E822D6F050C002E3E8C /* Resources */,
			);
			buildRules = (
			);
			dependencies = (
			);
			name = TechnicalTask;
			productName = TechnicalTask;
			productReference = CE688E842D6F050C002E3E8C /* TechnicalTask.app */;
			productType = "com.apple.product-type.application";
		};
/* End PBXNativeTarget section */

/* Begin PBXProject section */
		CE688E7C2D6F050C002E3E8C /* Project object */ = {
			isa = PBXProject;
			attributes = {
				BuildIndependentTargetsInParallel = 1;
				LastSwiftUpdateCheck = 1510;
				LastUpgradeCheck = 1510;
				TargetAttributes = {
					CE688E832D6F050C002E3E8C = {
						CreatedOnToolsVersion = 15.1;
					};
				};
			};
			buildConfigurationList = CE688E7F2D6F050C002E3E8C /* Build configuration list for PBXProject "TechnicalTask" */;
			compatibilityVersion = "Xcode 14.0";
			developmentRegion = en;
			hasScannedForEncodings = 0;
			knownRegions = (
				en,
				Base,
			);
			mainGroup = CE688E7B2D6F050C002E3E8C;
			productRefGroup = CE688E852D6F050C002E3E8C /* Products */;
			projectDirPath = "";
			projectRoot = "";
			targets = (
				CE688E832D6F050C002E3E8C /* TechnicalTask */,
			);
		};
/* End PBXProject section */

/* Begin PBXResourcesBuildPhase section */
		CE688E822D6F050C002E3E8C /* Resources */ = {
			isa = PBXResourcesBuildPhase;
			buildActionMask = 2147483647;
			files = (
				CE688E942D6F050E002E3E8C /* LaunchScreen.storyboard in Resources */,
				CE688E912D6F050E002E3E8C /* Assets.xcassets in Resources */,
			);
			runOnlyForDeploymentPostprocessing = 0;
		};
/* End PBXResourcesBuildPhase section */

/* Begin PBXSourcesBuildPhase section */
		CE688E802D6F050C002E3E8C /* Sources */ = {
			isa = PBXSourcesBuildPhase;
			buildActionMask = 2147483647;
			files = (
				CE688EE92D6F8AD5002E3E8C /* GeoModel+CoreDataClass.swift in Sources */,
				CE688EAC2D6F09C8002E3E8C /* TodoService.swift in Sources */,
				CE688EA22D6F0702002E3E8C /* Constants.swift in Sources */,
				CE688EEA2D6F8AD5002E3E8C /* GeoModel+CoreDataProperties.swift in Sources */,
				CE688EAE2D6F0D8F002E3E8C /* Users.swift in Sources */,
				CE688EE52D6F8AD5002E3E8C /* TodoListModel+CoreDataClass.swift in Sources */,
				CE688EBF2D6F5B48002E3E8C /* CoreDataManager.swift in Sources */,
				CE688EA52D6F08CF002E3E8C /* Todo.swift in Sources */,
				CE688E8C2D6F050C002E3E8C /* HomeViewController.swift in Sources */,
				CE688EB12D6F1528002E3E8C /* HomeTableViewCell.swift in Sources */,
				CE688EF32D6F8E13002E3E8C /* HomeViewModel.swift in Sources */,
				CE688EB82D6F193A002E3E8C /* UserInfoViewController.swift in Sources */,
				CE688E9F2D6F061C002E3E8C /* HomeTableView.swift in Sources */,
				CE688E882D6F050C002E3E8C /* AppDelegate.swift in Sources */,
				CE688EE42D6F8AD5002E3E8C /* AddressModel+CoreDataProperties.swift in Sources */,
				CE688EE12D6F8AD5002E3E8C /* CompanyModel+CoreDataClass.swift in Sources */,
				CE688EAA2D6F09A9002E3E8C /* NetworkDataFetcher.swift in Sources */,
				CE688EA82D6F0971002E3E8C /* Networking.swift in Sources */,
				CE688EE72D6F8AD5002E3E8C /* UserModel+CoreDataClass.swift in Sources */,
				CE688EE82D6F8AD5002E3E8C /* UserModel+CoreDataProperties.swift in Sources */,
				CE688EE62D6F8AD5002E3E8C /* TodoListModel+CoreDataProperties.swift in Sources */,
				CE688EB42D6F18EB002E3E8C /* HomeTableViewDelegate.swift in Sources */,
				CE688E8A2D6F050C002E3E8C /* SceneDelegate.swift in Sources */,
				CE688EBC2D6F57B1002E3E8C /* NetworkMonitor.swift in Sources */,
				CE688EC22D6F5BE4002E3E8C /* ToDoList.xcdatamodeld in Sources */,
				CE688EE22D6F8AD5002E3E8C /* CompanyModel+CoreDataProperties.swift in Sources */,
				CE688EE32D6F8AD5002E3E8C /* AddressModel+CoreDataClass.swift in Sources */,
			);
			runOnlyForDeploymentPostprocessing = 0;
		};
/* End PBXSourcesBuildPhase section */

/* Begin PBXVariantGroup section */
		CE688E922D6F050E002E3E8C /* LaunchScreen.storyboard */ = {
			isa = PBXVariantGroup;
			children = (
				CE688E932D6F050E002E3E8C /* Base */,
			);
			name = LaunchScreen.storyboard;
			sourceTree = "<group>";
		};
/* End PBXVariantGroup section */

/* Begin XCBuildConfiguration section */
		CE688E962D6F050E002E3E8C /* Debug */ = {
			isa = XCBuildConfiguration;
			buildSettings = {
				ALWAYS_SEARCH_USER_PATHS = NO;
				ASSETCATALOG_COMPILER_GENERATE_SWIFT_ASSET_SYMBOL_EXTENSIONS = YES;
				CLANG_ANALYZER_NONNULL = YES;
				CLANG_ANALYZER_NUMBER_OBJECT_CONVERSION = YES_AGGRESSIVE;
				CLANG_CXX_LANGUAGE_STANDARD = "gnu++20";
				CLANG_ENABLE_MODULES = YES;
				CLANG_ENABLE_OBJC_ARC = YES;
				CLANG_ENABLE_OBJC_WEAK = YES;
				CLANG_WARN_BLOCK_CAPTURE_AUTORELEASING = YES;
				CLANG_WARN_BOOL_CONVERSION = YES;
				CLANG_WARN_COMMA = YES;
				CLANG_WARN_CONSTANT_CONVERSION = YES;
				CLANG_WARN_DEPRECATED_OBJC_IMPLEMENTATIONS = YES;
				CLANG_WARN_DIRECT_OBJC_ISA_USAGE = YES_ERROR;
				CLANG_WARN_DOCUMENTATION_COMMENTS = YES;
				CLANG_WARN_EMPTY_BODY = YES;
				CLANG_WARN_ENUM_CONVERSION = YES;
				CLANG_WARN_INFINITE_RECURSION = YES;
				CLANG_WARN_INT_CONVERSION = YES;
				CLANG_WARN_NON_LITERAL_NULL_CONVERSION = YES;
				CLANG_WARN_OBJC_IMPLICIT_RETAIN_SELF = YES;
				CLANG_WARN_OBJC_LITERAL_CONVERSION = YES;
				CLANG_WARN_OBJC_ROOT_CLASS = YES_ERROR;
				CLANG_WARN_QUOTED_INCLUDE_IN_FRAMEWORK_HEADER = YES;
				CLANG_WARN_RANGE_LOOP_ANALYSIS = YES;
				CLANG_WARN_STRICT_PROTOTYPES = YES;
				CLANG_WARN_SUSPICIOUS_MOVE = YES;
				CLANG_WARN_UNGUARDED_AVAILABILITY = YES_AGGRESSIVE;
				CLANG_WARN_UNREACHABLE_CODE = YES;
				CLANG_WARN__DUPLICATE_METHOD_MATCH = YES;
				COPY_PHASE_STRIP = NO;
				DEBUG_INFORMATION_FORMAT = dwarf;
				ENABLE_STRICT_OBJC_MSGSEND = YES;
				ENABLE_TESTABILITY = YES;
				ENABLE_USER_SCRIPT_SANDBOXING = YES;
				GCC_C_LANGUAGE_STANDARD = gnu17;
				GCC_DYNAMIC_NO_PIC = NO;
				GCC_NO_COMMON_BLOCKS = YES;
				GCC_OPTIMIZATION_LEVEL = 0;
				GCC_PREPROCESSOR_DEFINITIONS = (
					"DEBUG=1",
					"$(inherited)",
				);
				GCC_WARN_64_TO_32_BIT_CONVERSION = YES;
				GCC_WARN_ABOUT_RETURN_TYPE = YES_ERROR;
				GCC_WARN_UNDECLARED_SELECTOR = YES;
				GCC_WARN_UNINITIALIZED_AUTOS = YES_AGGRESSIVE;
				GCC_WARN_UNUSED_FUNCTION = YES;
				GCC_WARN_UNUSED_VARIABLE = YES;
				IPHONEOS_DEPLOYMENT_TARGET = 17.2;
				LOCALIZATION_PREFERS_STRING_CATALOGS = YES;
				MTL_ENABLE_DEBUG_INFO = INCLUDE_SOURCE;
				MTL_FAST_MATH = YES;
				ONLY_ACTIVE_ARCH = YES;
				SDKROOT = iphoneos;
				SWIFT_ACTIVE_COMPILATION_CONDITIONS = "DEBUG $(inherited)";
				SWIFT_OPTIMIZATION_LEVEL = "-Onone";
			};
			name = Debug;
		};
		CE688E972D6F050E002E3E8C /* Release */ = {
			isa = XCBuildConfiguration;
			buildSettings = {
				ALWAYS_SEARCH_USER_PATHS = NO;
				ASSETCATALOG_COMPILER_GENERATE_SWIFT_ASSET_SYMBOL_EXTENSIONS = YES;
				CLANG_ANALYZER_NONNULL = YES;
				CLANG_ANALYZER_NUMBER_OBJECT_CONVERSION = YES_AGGRESSIVE;
				CLANG_CXX_LANGUAGE_STANDARD = "gnu++20";
				CLANG_ENABLE_MODULES = YES;
				CLANG_ENABLE_OBJC_ARC = YES;
				CLANG_ENABLE_OBJC_WEAK = YES;
				CLANG_WARN_BLOCK_CAPTURE_AUTORELEASING = YES;
				CLANG_WARN_BOOL_CONVERSION = YES;
				CLANG_WARN_COMMA = YES;
				CLANG_WARN_CONSTANT_CONVERSION = YES;
				CLANG_WARN_DEPRECATED_OBJC_IMPLEMENTATIONS = YES;
				CLANG_WARN_DIRECT_OBJC_ISA_USAGE = YES_ERROR;
				CLANG_WARN_DOCUMENTATION_COMMENTS = YES;
				CLANG_WARN_EMPTY_BODY = YES;
				CLANG_WARN_ENUM_CONVERSION = YES;
				CLANG_WARN_INFINITE_RECURSION = YES;
				CLANG_WARN_INT_CONVERSION = YES;
				CLANG_WARN_NON_LITERAL_NULL_CONVERSION = YES;
				CLANG_WARN_OBJC_IMPLICIT_RETAIN_SELF = YES;
				CLANG_WARN_OBJC_LITERAL_CONVERSION = YES;
				CLANG_WARN_OBJC_ROOT_CLASS = YES_ERROR;
				CLANG_WARN_QUOTED_INCLUDE_IN_FRAMEWORK_HEADER = YES;
				CLANG_WARN_RANGE_LOOP_ANALYSIS = YES;
				CLANG_WARN_STRICT_PROTOTYPES = YES;
				CLANG_WARN_SUSPICIOUS_MOVE = YES;
				CLANG_WARN_UNGUARDED_AVAILABILITY = YES_AGGRESSIVE;
				CLANG_WARN_UNREACHABLE_CODE = YES;
				CLANG_WARN__DUPLICATE_METHOD_MATCH = YES;
				COPY_PHASE_STRIP = NO;
				DEBUG_INFORMATION_FORMAT = "dwarf-with-dsym";
				ENABLE_NS_ASSERTIONS = NO;
				ENABLE_STRICT_OBJC_MSGSEND = YES;
				ENABLE_USER_SCRIPT_SANDBOXING = YES;
				GCC_C_LANGUAGE_STANDARD = gnu17;
				GCC_NO_COMMON_BLOCKS = YES;
				GCC_WARN_64_TO_32_BIT_CONVERSION = YES;
				GCC_WARN_ABOUT_RETURN_TYPE = YES_ERROR;
				GCC_WARN_UNDECLARED_SELECTOR = YES;
				GCC_WARN_UNINITIALIZED_AUTOS = YES_AGGRESSIVE;
				GCC_WARN_UNUSED_FUNCTION = YES;
				GCC_WARN_UNUSED_VARIABLE = YES;
				IPHONEOS_DEPLOYMENT_TARGET = 17.2;
				LOCALIZATION_PREFERS_STRING_CATALOGS = YES;
				MTL_ENABLE_DEBUG_INFO = NO;
				MTL_FAST_MATH = YES;
				SDKROOT = iphoneos;
				SWIFT_COMPILATION_MODE = wholemodule;
				VALIDATE_PRODUCT = YES;
			};
			name = Release;
		};
		CE688E992D6F050E002E3E8C /* Debug */ = {
			isa = XCBuildConfiguration;
			buildSettings = {
				ASSETCATALOG_COMPILER_APPICON_NAME = AppIcon;
				ASSETCATALOG_COMPILER_GLOBAL_ACCENT_COLOR_NAME = AccentColor;
				CODE_SIGN_STYLE = Automatic;
				CURRENT_PROJECT_VERSION = 1;
				GENERATE_INFOPLIST_FILE = YES;
				INFOPLIST_FILE = TechnicalTask/Info.plist;
				INFOPLIST_KEY_UIApplicationSupportsIndirectInputEvents = YES;
				INFOPLIST_KEY_UILaunchStoryboardName = LaunchScreen;
				INFOPLIST_KEY_UISupportedInterfaceOrientations_iPad = "UIInterfaceOrientationPortrait UIInterfaceOrientationPortraitUpsideDown UIInterfaceOrientationLandscapeLeft UIInterfaceOrientationLandscapeRight";
				INFOPLIST_KEY_UISupportedInterfaceOrientations_iPhone = "UIInterfaceOrientationPortrait UIInterfaceOrientationLandscapeLeft UIInterfaceOrientationLandscapeRight";
				LD_RUNPATH_SEARCH_PATHS = (
					"$(inherited)",
					"@executable_path/Frameworks",
				);
				MARKETING_VERSION = 1.0;
				PRODUCT_BUNDLE_IDENTIFIER = com.artstyle.www.TechnicalTask;
				PRODUCT_NAME = "$(TARGET_NAME)";
				SWIFT_EMIT_LOC_STRINGS = YES;
				SWIFT_VERSION = 5.0;
				TARGETED_DEVICE_FAMILY = "1,2";
			};
			name = Debug;
		};
		CE688E9A2D6F050E002E3E8C /* Release */ = {
			isa = XCBuildConfiguration;
			buildSettings = {
				ASSETCATALOG_COMPILER_APPICON_NAME = AppIcon;
				ASSETCATALOG_COMPILER_GLOBAL_ACCENT_COLOR_NAME = AccentColor;
				CODE_SIGN_STYLE = Automatic;
				CURRENT_PROJECT_VERSION = 1;
				GENERATE_INFOPLIST_FILE = YES;
				INFOPLIST_FILE = TechnicalTask/Info.plist;
				INFOPLIST_KEY_UIApplicationSupportsIndirectInputEvents = YES;
				INFOPLIST_KEY_UILaunchStoryboardName = LaunchScreen;
				INFOPLIST_KEY_UISupportedInterfaceOrientations_iPad = "UIInterfaceOrientationPortrait UIInterfaceOrientationPortraitUpsideDown UIInterfaceOrientationLandscapeLeft UIInterfaceOrientationLandscapeRight";
				INFOPLIST_KEY_UISupportedInterfaceOrientations_iPhone = "UIInterfaceOrientationPortrait UIInterfaceOrientationLandscapeLeft UIInterfaceOrientationLandscapeRight";
				LD_RUNPATH_SEARCH_PATHS = (
					"$(inherited)",
					"@executable_path/Frameworks",
				);
				MARKETING_VERSION = 1.0;
				PRODUCT_BUNDLE_IDENTIFIER = com.artstyle.www.TechnicalTask;
				PRODUCT_NAME = "$(TARGET_NAME)";
				SWIFT_EMIT_LOC_STRINGS = YES;
				SWIFT_VERSION = 5.0;
				TARGETED_DEVICE_FAMILY = "1,2";
			};
			name = Release;
		};
/* End XCBuildConfiguration section */

/* Begin XCConfigurationList section */
		CE688E7F2D6F050C002E3E8C /* Build configuration list for PBXProject "TechnicalTask" */ = {
			isa = XCConfigurationList;
			buildConfigurations = (
				CE688E962D6F050E002E3E8C /* Debug */,
				CE688E972D6F050E002E3E8C /* Release */,
			);
			defaultConfigurationIsVisible = 0;
			defaultConfigurationName = Release;
		};
		CE688E982D6F050E002E3E8C /* Build configuration list for PBXNativeTarget "TechnicalTask" */ = {
			isa = XCConfigurationList;
			buildConfigurations = (
				CE688E992D6F050E002E3E8C /* Debug */,
				CE688E9A2D6F050E002E3E8C /* Release */,
			);
			defaultConfigurationIsVisible = 0;
			defaultConfigurationName = Release;
		};
/* End XCConfigurationList section */

/* Begin XCVersionGroup section */
		CE688EC02D6F5BE4002E3E8C /* ToDoList.xcdatamodeld */ = {
			isa = XCVersionGroup;
			children = (
				CE688EC12D6F5BE4002E3E8C /* ToDoList.xcdatamodel */,
			);
			currentVersion = CE688EC12D6F5BE4002E3E8C /* ToDoList.xcdatamodel */;
			path = ToDoList.xcdatamodeld;
			sourceTree = "<group>";
			versionGroupType = wrapper.xcdatamodel;
		};
/* End XCVersionGroup section */
	};
	rootObject = CE688E7C2D6F050C002E3E8C /* Project object */;
}
